
Microsoft Visual Studio Solution File, Format Version 12.00
# Visual Studio 15
VisualStudioVersion = 15.0.27130.2036
MinimumVisualStudioVersion = 10.0.40219.1
Project("{8BC9CEB8-8B4A-11D0-8D11-00A0C91BC942}") = "2D", "bee_tracking\bee_tracking.vcxproj", "{E22E9926-9308-42AA-9E1B-4B845F501320}"
EndProject
Project("{8BC9CEB8-8B4A-11D0-8D11-00A0C91BC942}") = "OpenGL_demo", "OpenGL_demo\OpenGL_demo.vcxproj", "{A3A14559-3464-46C8-88FB-54294EC49919}"
EndProject
Project("{8BC9CEB8-8B4A-11D0-8D11-00A0C91BC942}") = "Playground", "Playground\Playground.vcxproj", "{750A78ED-1944-44D4-A109-8A330DE84714}"
EndProject
Project("{8BC9CEB8-8B4A-11D0-8D11-00A0C91BC942}") = "3rd_year", "Project1\Project1.vcxproj", "{ABDC5D35-7287-4A72-B356-D7A7623C44F7}"
EndProject
Global
	GlobalSection(SolutionConfigurationPlatforms) = preSolution
		Debug|Mixed Platforms = Debug|Mixed Platforms
		Debug|Win32 = Debug|Win32
		Debug|x64 = Debug|x64
		Release|Mixed Platforms = Release|Mixed Platforms
		Release|Win32 = Release|Win32
		Release|x64 = Release|x64
	EndGlobalSection
	GlobalSection(ProjectConfigurationPlatforms) = postSolution
		{E22E9926-9308-42AA-9E1B-4B845F501320}.Debug|Mixed Platforms.ActiveCfg = Debug|x64
		{E22E9926-9308-42AA-9E1B-4B845F501320}.Debug|Mixed Platforms.Build.0 = Debug|x64
		{E22E9926-9308-42AA-9E1B-4B845F501320}.Debug|Win32.ActiveCfg = Debug|x64
		{E22E9926-9308-42AA-9E1B-4B845F501320}.Debug|Win32.Build.0 = Debug|x64
		{E22E9926-9308-42AA-9E1B-4B845F501320}.Debug|x64.ActiveCfg = Debug|x64
		{E22E9926-9308-42AA-9E1B-4B845F501320}.Debug|x64.Build.0 = Debug|x64
		{E22E9926-9308-42AA-9E1B-4B845F501320}.Release|Mixed Platforms.ActiveCfg = Release|x64
		{E22E9926-9308-42AA-9E1B-4B845F501320}.Release|Mixed Platforms.Build.0 = Release|x64
		{E22E9926-9308-42AA-9E1B-4B845F501320}.Release|Win32.ActiveCfg = Release|Win32
		{E22E9926-9308-42AA-9E1B-4B845F501320}.Release|Win32.Build.0 = Release|Win32
		{E22E9926-9308-42AA-9E1B-4B845F501320}.Release|x64.ActiveCfg = Release|x64
		{E22E9926-9308-42AA-9E1B-4B845F501320}.Release|x64.Build.0 = Release|x64
		{A3A14559-3464-46C8-88FB-54294EC49919}.Debug|Mixed Platforms.ActiveCfg = Debug|Win32
		{A3A14559-3464-46C8-88FB-54294EC49919}.Debug|Mixed Platforms.Build.0 = Debug|Win32
		{A3A14559-3464-46C8-88FB-54294EC49919}.Debug|Win32.ActiveCfg = Debug|Win32
		{A3A14559-3464-46C8-88FB-54294EC49919}.Debug|Win32.Build.0 = Debug|Win32
		{A3A14559-3464-46C8-88FB-54294EC49919}.Debug|x64.ActiveCfg = Debug|Win32
		{A3A14559-3464-46C8-88FB-54294EC49919}.Debug|x64.Build.0 = Debug|Win32
		{A3A14559-3464-46C8-88FB-54294EC49919}.Release|Mixed Platforms.ActiveCfg = Release|Win32
		{A3A14559-3464-46C8-88FB-54294EC49919}.Release|Mixed Platforms.Build.0 = Release|Win32
		{A3A14559-3464-46C8-88FB-54294EC49919}.Release|Win32.ActiveCfg = Release|Win32
		{A3A14559-3464-46C8-88FB-54294EC49919}.Release|Win32.Build.0 = Release|Win32
		{A3A14559-3464-46C8-88FB-54294EC49919}.Release|x64.ActiveCfg = Release|Win32
		{750A78ED-1944-44D4-A109-8A330DE84714}.Debug|Mixed Platforms.ActiveCfg = Debug|x64
		{750A78ED-1944-44D4-A109-8A330DE84714}.Debug|Mixed Platforms.Build.0 = Debug|x64
		{750A78ED-1944-44D4-A109-8A330DE84714}.Debug|Win32.ActiveCfg = Debug|x64
		{750A78ED-1944-44D4-A109-8A330DE84714}.Debug|Win32.Build.0 = Debug|x64
		{750A78ED-1944-44D4-A109-8A330DE84714}.Debug|x64.ActiveCfg = Debug|Win32
		{750A78ED-1944-44D4-A109-8A330DE84714}.Release|Mixed Platforms.ActiveCfg = Release|x64
		{750A78ED-1944-44D4-A109-8A330DE84714}.Release|Mixed Platforms.Build.0 = Release|x64
		{750A78ED-1944-44D4-A109-8A330DE84714}.Release|Win32.ActiveCfg = Release|Win32
		{750A78ED-1944-44D4-A109-8A330DE84714}.Release|Win32.Build.0 = Release|Win32
		{750A78ED-1944-44D4-A109-8A330DE84714}.Release|x64.ActiveCfg = Release|Win32
		{ABDC5D35-7287-4A72-B356-D7A7623C44F7}.Debug|Mixed Platforms.ActiveCfg = Debug|x64
		{ABDC5D35-7287-4A72-B356-D7A7623C44F7}.Debug|Mixed Platforms.Build.0 = Debug|x64
		{ABDC5D35-7287-4A72-B356-D7A7623C44F7}.Debug|Win32.ActiveCfg = Debug|x64
		{ABDC5D35-7287-4A72-B356-D7A7623C44F7}.Debug|Win32.Build.0 = Debug|x64
		{ABDC5D35-7287-4A72-B356-D7A7623C44F7}.Debug|x64.ActiveCfg = Debug|Win32
		{ABDC5D35-7287-4A72-B356-D7A7623C44F7}.Release|Mixed Platforms.ActiveCfg = Release|x64
		{ABDC5D35-7287-4A72-B356-D7A7623C44F7}.Release|Mixed Platforms.Build.0 = Release|x64
		{ABDC5D35-7287-4A72-B356-D7A7623C44F7}.Release|Win32.ActiveCfg = Release|Win32
		{ABDC5D35-7287-4A72-B356-D7A7623C44F7}.Release|Win32.Build.0 = Release|Win32
		{ABDC5D35-7287-4A72-B356-D7A7623C44F7}.Release|x64.ActiveCfg = Release|Win32
	EndGlobalSection
	GlobalSection(SolutionProperties) = preSolution
		HideSolutionNode = FALSE
	EndGlobalSection
	GlobalSection(ExtensibilityGlobals) = postSolution
		SolutionGuid = {1142050A-C5CA-4AC0-8D9D-45912DC1409B}
	EndGlobalSection
EndGlobal
