<?xml version="1.0" encoding="utf-8"?>
<Project ToolsVersion="4.0" xmlns="http://schemas.microsoft.com/developer/msbuild/2003">
  <ItemGroup>
    <Filter Include="Source Files">
      <UniqueIdentifier>{4FC737F1-C7A5-4376-A066-2A32D752A2FF}</UniqueIdentifier>
      <Extensions>cpp;c;cc;cxx;def;odl;idl;hpj;bat;asm;asmx</Extensions>
    </Filter>
    <Filter Include="Header Files">
      <UniqueIdentifier>{93995380-89BD-4b04-88EB-625FBE52EBFB}</UniqueIdentifier>
      <Extensions>h;hh;hpp;hxx;hm;inl;inc;xsd</Extensions>
    </Filter>
    <Filter Include="Resource Files">
      <UniqueIdentifier>{67DA6AB6-F800-4c08-8B7A-83BB121AAD01}</UniqueIdentifier>
      <Extensions>rc;ico;cur;bmp;dlg;rc2;rct;bin;rgs;gif;jpg;jpeg;jpe;resx;tiff;tif;png;wav;mfcribbon-ms</Extensions>
    </Filter>
  </ItemGroup>
  <ItemGroup>
    <ClCompile Include="main.cpp">
      <Filter>Source Files</Filter>
    </ClCompile>
    <ClCompile Include="Detector\DNNDetector.cpp">
      <Filter>Source Files</Filter>
    </ClCompile>
    <ClCompile Include="Detector\FaceDetector.cpp">
      <Filter>Source Files</Filter>
    </ClCompile>
    <ClCompile Include="Detector\MotionDetector.cpp">
      <Filter>Source Files</Filter>
    </ClCompile>
    <ClCompile Include="Detector\PedestrianDetector.cpp">
      <Filter>Source Files</Filter>
    </ClCompile>
    <ClCompile Include="Detector\Subsense\LBSP.cpp">
      <Filter>Source Files</Filter>
    </ClCompile>
    <ClCompile Include="Detector\vibe_src\vibe.cpp">
      <Filter>Source Files</Filter>
    </ClCompile>
    <ClCompile Include="Tracker\Ctracker.cpp">
      <Filter>Source Files</Filter>
    </ClCompile>
    <ClCompile Include="Tracker\Kalman.cpp">
      <Filter>Source Files</Filter>
    </ClCompile>
    <ClCompile Include="Tracker\LocalTracker.cpp">
      <Filter>Source Files</Filter>
    </ClCompile>
    <ClCompile Include="Tracker\track.cpp">
      <Filter>Source Files</Filter>
    </ClCompile>
    <ClCompile Include="Tracker\graph\components.cpp">
      <Filter>Source Files</Filter>
    </ClCompile>
    <ClCompile Include="Tracker\graph\fheap.c">
      <Filter>Source Files</Filter>
    </ClCompile>
    <ClCompile Include="Tracker\graph\gml2dot.cpp">
      <Filter>Source Files</Filter>
    </ClCompile>
    <ClCompile Include="Tracker\graph\gml2nestedsql.cpp">
      <Filter>Source Files</Filter>
    </ClCompile>
    <ClCompile Include="Tracker\graph\gport.cpp">
      <Filter>Source Files</Filter>
    </ClCompile>
    <ClCompile Include="Tracker\graph\mincut.cpp">
      <Filter>Source Files</Filter>
    </ClCompile>
    <ClCompile Include="Tracker\graph\mwbmatching.cpp">
      <Filter>Source Files</Filter>
    </ClCompile>
    <ClCompile Include="Tracker\graph\mygraph.cpp">
      <Filter>Source Files</Filter>
    </ClCompile>
    <ClCompile Include="Tracker\graph\mytree.cpp">
      <Filter>Source Files</Filter>
    </ClCompile>
    <ClCompile Include="Tracker\graph\rings.cpp">
      <Filter>Source Files</Filter>
    </ClCompile>
    <ClCompile Include="Tracker\graph\script.cpp">
      <Filter>Source Files</Filter>
    </ClCompile>
    <ClCompile Include="Tracker\graph\tokenise.cpp">
      <Filter>Source Files</Filter>
    </ClCompile>
    <ClCompile Include="Tracker\HungarianAlg\HungarianAlg.cpp">
      <Filter>Source Files</Filter>
    </ClCompile>
  </ItemGroup>
  <ItemGroup>
    <ClInclude Include="defines.h">
      <Filter>Header Files</Filter>
    </ClInclude>
    <ClInclude Include="MouseExample.h">
      <Filter>Header Files</Filter>
    </ClInclude>
    <ClInclude Include="nms.h">
      <Filter>Header Files</Filter>
    </ClInclude>
    <ClInclude Include="VideoExample.h">
      <Filter>Header Files</Filter>
    </ClInclude>
    <ClInclude Include="Detector\DNNDetector.h">
      <Filter>Header Files</Filter>
    </ClInclude>
    <ClInclude Include="Detector\FaceDetector.h">
      <Filter>Header Files</Filter>
    </ClInclude>
    <ClInclude Include="Detector\MotionDetector.h">
      <Filter>Header Files</Filter>
    </ClInclude>
    <ClInclude Include="Detector\PedestrianDetector.h">
      <Filter>Header Files</Filter>
    </ClInclude>
    <ClInclude Include="Detector\Subsense\DistanceUtils.h">
      <Filter>Header Files</Filter>
    </ClInclude>
    <ClInclude Include="Detector\Subsense\LBSP.h">
      <Filter>Header Files</Filter>
    </ClInclude>
    <ClInclude Include="Detector\Subsense\RandUtils.h">
      <Filter>Header Files</Filter>
    </ClInclude>
    <ClInclude Include="Detector\vibe_src\vibe.hpp">
      <Filter>Header Files</Filter>
    </ClInclude>
    <ClInclude Include="Tracker\Kalman.h">
      <Filter>Header Files</Filter>
    </ClInclude>
    <ClInclude Include="Tracker\LocalTracker.h">
      <Filter>Header Files</Filter>
    </ClInclude>
    <ClInclude Include="Tracker\track.h">
      <Filter>Header Files</Filter>
    </ClInclude>
    <ClInclude Include="Tracker\graph\fheap.h">
      <Filter>Header Files</Filter>
    </ClInclude>
    <ClInclude Include="Tracker\graph\gdefs.h">
      <Filter>Header Files</Filter>
    </ClInclude>
    <ClInclude Include="Tracker\graph\gport.h">
      <Filter>Header Files</Filter>
    </ClInclude>
    <ClInclude Include="Tracker\graph\mincut.h">
      <Filter>Header Files</Filter>
    </ClInclude>
    <ClInclude Include="Tracker\graph\mwbmatching.h">
      <Filter>Header Files</Filter>
    </ClInclude>
    <ClInclude Include="Tracker\graph\mygraph.h">
      <Filter>Header Files</Filter>
    </ClInclude>
    <ClInclude Include="Tracker\graph\mytree.h">
      <Filter>Header Files</Filter>
    </ClInclude>
    <ClInclude Include="Tracker\graph\tokenise.h">
      <Filter>Header Files</Filter>
    </ClInclude>
    <ClInclude Include="Tracker\HungarianAlg\HungarianAlg.h">
      <Filter>Header Files</Filter>
    </ClInclude>
  </ItemGroup>
</Project>